# This file is automatically @generated by Cargo.
# It is not intended for manual editing.
version = 4

[[package]]
name = "aether-accel-client"
version = "0.1.0"
dependencies = [
 "aether-core",
 "aether-drivers",
 "aether-hal",
 "aether-pjrt",
]

[[package]]
name = "aether-core"
version = "0.1.0"

[[package]]
name = "aether-diligence-demo"
version = "0.1.0"
dependencies = [
 "aether-core",
 "aether-drivers",
 "aether-hal",
 "aether-pjrt",
]

[[package]]
name = "aether-drivers"
version = "0.1.0"
dependencies = [
 "aether-core",
 "aether-hal",
]

[[package]]
name = "aether-hal"
version = "0.1.0"
dependencies = [
 "aether-core",
]

[[package]]
name = "aether-pjrt"
version = "0.1.0"
dependencies = [
 "aether-core",
 "aether-drivers",
 "aether-hal",
]

[[package]]
name = "aether-redteam"
version = "0.1.0"
dependencies = [
 "aether-core",
 "aether-drivers",
]
